{
  "name": "ktlog",
  "lockfileVersion": 3,
  "requires": true,
  "packages": {
    "": {
      "dependencies": {
        "jotai": "^2.6.0"
      }
    },
    "node_modules/jotai": {
      "version": "2.6.0",
      "resolved": "https://registry.npmjs.org/jotai/-/jotai-2.6.0.tgz",
      "integrity": "sha512-Vt6hsc04Km4j03l+Ax+Sc+FVft5cRJhqgxt6GTz6GM2eM3DyX3CdBdzcG0z2FrlZToL1/0OAkqDghIyARWnSuQ==",
      "engines": {
        "node": ">=12.20.0"
      },
      "peerDependencies": {
        "@types/react": ">=17.0.0",
        "react": ">=17.0.0"
      },
      "peerDependenciesMeta": {
        "@types/react": {
          "optional": true
        },
        "react": {
          "optional": true
        }
      }
    }
  }
}
